
Microsoft Visual Studio Solution File, Format Version 12.00
# Visual Studio Version 17
VisualStudioVersion = 17.7.34009.444
MinimumVisualStudioVersion = 10.0.40219.1
Project("{FAE04EC0-301F-11D3-BF4B-00C04F79EFBC}") = "CRUD", "CRUD.csproj", "{97722DB4-7993-4D4C-96C2-03F30B782CFB}"
EndProject
Global
	GlobalSection(SolutionConfigurationPlatforms) = preSolution
		Debug|Any CPU = Debug|Any CPU
		Release|Any CPU = Release|Any CPU
	EndGlobalSection
	GlobalSection(ProjectConfigurationPlatforms) = postSolution
		{97722DB4-7993-4D4C-96C2-03F30B782CFB}.Debug|Any CPU.ActiveCfg = Debug|Any CPU
		{97722DB4-7993-4D4C-96C2-03F30B782CFB}.Debug|Any CPU.Build.0 = Debug|Any CPU
		{97722DB4-7993-4D4C-96C2-03F30B782CFB}.Release|Any CPU.ActiveCfg = Release|Any CPU
		{97722DB4-7993-4D4C-96C2-03F30B782CFB}.Release|Any CPU.Build.0 = Release|Any CPU
	EndGlobalSection
	GlobalSection(SolutionProperties) = preSolution
		HideSolutionNode = FALSE
	EndGlobalSection
	GlobalSection(ExtensibilityGlobals) = postSolution
		SolutionGuid = {C66B733B-17D8-47B7-897C-AF90D7E7DAE6}
	EndGlobalSection
EndGlobal
